
Microsoft Visual Studio Solution File, Format Version 12.00
# Visual Studio Version 16
VisualStudioVersion = 16.0.31515.178
MinimumVisualStudioVersion = 10.0.40219.1
Project("{FAE04EC0-301F-11D3-BF4B-00C04F79EFBC}") = "BadScenarioScanner", "BadScenarioScanner\BadScenarioScanner.csproj", "{B30F602F-A17D-4FD1-8688-DFCCFFDF6B55}"
EndProject
Global
	GlobalSection(SolutionConfigurationPlatforms) = preSolution
		Debug|Any CPU = Debug|Any CPU
		Release|Any CPU = Release|Any CPU
	EndGlobalSection
	GlobalSection(ProjectConfigurationPlatforms) = postSolution
		{B30F602F-A17D-4FD1-8688-DFCCFFDF6B55}.Debug|Any CPU.ActiveCfg = Debug|Any CPU
		{B30F602F-A17D-4FD1-8688-DFCCFFDF6B55}.Debug|Any CPU.Build.0 = Debug|Any CPU
		{B30F602F-A17D-4FD1-8688-DFCCFFDF6B55}.Release|Any CPU.ActiveCfg = Release|Any CPU
		{B30F602F-A17D-4FD1-8688-DFCCFFDF6B55}.Release|Any CPU.Build.0 = Release|Any CPU
	EndGlobalSection
	GlobalSection(SolutionProperties) = preSolution
		HideSolutionNode = FALSE
	EndGlobalSection
	GlobalSection(ExtensibilityGlobals) = postSolution
		SolutionGuid = {7C6ADE4C-C8D0-4B36-9FDC-387118DD48C5}
	EndGlobalSection
EndGlobal
